
Microsoft Visual Studio Solution File, Format Version 12.00
# Visual Studio Version 16
VisualStudioVersion = 16.0.30114.105
MinimumVisualStudioVersion = 10.0.40219.1
Project("{FAE04EC0-301F-11D3-BF4B-00C04F79EFBC}") = "ConsoleApp36", "ConsoleApp36\ConsoleApp36.csproj", "{F89993C9-E6F6-433A-9AF5-52D6862E89FB}"
EndProject
Global
	GlobalSection(SolutionConfigurationPlatforms) = preSolution
		Debug|Any CPU = Debug|Any CPU
		Release|Any CPU = Release|Any CPU
	EndGlobalSection
	GlobalSection(ProjectConfigurationPlatforms) = postSolution
		{F89993C9-E6F6-433A-9AF5-52D6862E89FB}.Debug|Any CPU.ActiveCfg = Debug|Any CPU
		{F89993C9-E6F6-433A-9AF5-52D6862E89FB}.Debug|Any CPU.Build.0 = Debug|Any CPU
		{F89993C9-E6F6-433A-9AF5-52D6862E89FB}.Release|Any CPU.ActiveCfg = Release|Any CPU
		{F89993C9-E6F6-433A-9AF5-52D6862E89FB}.Release|Any CPU.Build.0 = Release|Any CPU
	EndGlobalSection
	GlobalSection(SolutionProperties) = preSolution
		HideSolutionNode = FALSE
	EndGlobalSection
	GlobalSection(ExtensibilityGlobals) = postSolution
		SolutionGuid = {0A3A91FF-68CE-40A4-B3C7-9E740A83B2D7}
	EndGlobalSection
EndGlobal
